
Microsoft Visual Studio Solution File, Format Version 12.00
# Visual Studio Version 17
VisualStudioVersion = 17.5.002.0
MinimumVisualStudioVersion = 10.0.40219.1
Project("{9A19103F-16F7-4668-BE54-9A1E7A4F7556}") = "API", "API.csproj", "{9526A103-8BD8-4BD1-9AAF-B923AB60D598}"
EndProject
Global
	GlobalSection(SolutionConfigurationPlatforms) = preSolution
		Debug|Any CPU = Debug|Any CPU
		Release|Any CPU = Release|Any CPU
	EndGlobalSection
	GlobalSection(ProjectConfigurationPlatforms) = postSolution
		{9526A103-8BD8-4BD1-9AAF-B923AB60D598}.Debug|Any CPU.ActiveCfg = Debug|Any CPU
		{9526A103-8BD8-4BD1-9AAF-B923AB60D598}.Debug|Any CPU.Build.0 = Debug|Any CPU
		{9526A103-8BD8-4BD1-9AAF-B923AB60D598}.Release|Any CPU.ActiveCfg = Release|Any CPU
		{9526A103-8BD8-4BD1-9AAF-B923AB60D598}.Release|Any CPU.Build.0 = Release|Any CPU
	EndGlobalSection
	GlobalSection(SolutionProperties) = preSolution
		HideSolutionNode = FALSE
	EndGlobalSection
	GlobalSection(ExtensibilityGlobals) = postSolution
		SolutionGuid = {E297343E-B232-43CB-A032-A1A7D666EDA3}
	EndGlobalSection
EndGlobal
